<?xml version="1.0" encoding="utf-8"?>
<Project ToolsVersion="4.0" xmlns="http://schemas.microsoft.com/developer/msbuild/2003">
  <ItemGroup>
    <Filter Include="源文件">
      <UniqueIdentifier>{4FC737F1-C7A5-4376-A066-2A32D752A2FF}</UniqueIdentifier>
      <Extensions>cpp;c;cc;cxx;def;odl;idl;hpj;bat;asm;asmx</Extensions>
    </Filter>
    <Filter Include="头文件">
      <UniqueIdentifier>{93995380-89BD-4b04-88EB-625FBE52EBFB}</UniqueIdentifier>
      <Extensions>h;hh;hpp;hxx;hm;inl;inc;ipp;xsd</Extensions>
    </Filter>
    <Filter Include="资源文件">
      <UniqueIdentifier>{67DA6AB6-F800-4c08-8B7A-83BB121AAD01}</UniqueIdentifier>
      <Extensions>rc;ico;cur;bmp;dlg;rc2;rct;bin;rgs;gif;jpg;jpeg;jpe;resx;tiff;tif;png;wav;mfcribbon-ms</Extensions>
    </Filter>
    <Filter Include="form">
      <UniqueIdentifier>{efbabc67-22b2-4ed3-8b41-7b131c271d2d}</UniqueIdentifier>
    </Filter>
    <Filter Include="widget">
      <UniqueIdentifier>{7e8165dd-0a04-4f86-b371-a98e123f0e7c}</UniqueIdentifier>
    </Filter>
    <Filter Include="extern_ctrl">
      <UniqueIdentifier>{52df240e-2be8-4b2a-b778-f28985e6a5ff}</UniqueIdentifier>
    </Filter>
    <Filter Include="internal">
      <UniqueIdentifier>{23715ee0-3c88-4dba-a3af-819713f5c539}</UniqueIdentifier>
    </Filter>
    <Filter Include="controls">
      <UniqueIdentifier>{6ba17e2d-26a5-4779-82c1-bd52daf88693}</UniqueIdentifier>
    </Filter>
    <Filter Include="delegate">
      <UniqueIdentifier>{06888bc1-cc5d-458a-9238-5cc544e8edd2}</UniqueIdentifier>
    </Filter>
    <Filter Include="item">
      <UniqueIdentifier>{e898759f-ca34-4016-9988-33c394a07b09}</UniqueIdentifier>
    </Filter>
    <Filter Include="extern_ctrl\treectrl">
      <UniqueIdentifier>{1c5d3c90-7a76-4b52-9bcd-04812b5e5977}</UniqueIdentifier>
    </Filter>
  </ItemGroup>
  <ItemGroup>
    <ClInclude Include="stdafx.h">
      <Filter>头文件</Filter>
    </ClInclude>
    <ClInclude Include="targetver.h">
      <Filter>头文件</Filter>
    </ClInclude>
    <ClInclude Include="resource.h">
      <Filter>头文件</Filter>
    </ClInclude>
    <ClInclude Include="main.h">
      <Filter>头文件</Filter>
    </ClInclude>
    <ClInclude Include="form\EditorForm.h">
      <Filter>form</Filter>
    </ClInclude>
    <ClInclude Include="widget\EditorArea.h">
      <Filter>widget</Filter>
    </ClInclude>
    <ClInclude Include="extern_ctrl\ExternCtrlManager.h">
      <Filter>extern_ctrl</Filter>
    </ClInclude>
    <ClInclude Include="widget\EditorControlsList.h">
      <Filter>widget</Filter>
    </ClInclude>
    <ClInclude Include="internal\Define.h">
      <Filter>internal</Filter>
    </ClInclude>
    <ClInclude Include="widget\EditorProperty.h">
      <Filter>widget</Filter>
    </ClInclude>
    <ClInclude Include="internal\XmlHelper.h">
      <Filter>internal</Filter>
    </ClInclude>
    <ClInclude Include="form\EditorCreateForm.h">
      <Filter>form</Filter>
    </ClInclude>
    <ClInclude Include="widget\EditorToolbar.h">
      <Filter>widget</Filter>
    </ClInclude>
    <ClInclude Include="controls\AreaWindow.h">
      <Filter>controls</Filter>
    </ClInclude>
    <ClInclude Include="controls\AreaControl.h">
      <Filter>controls</Filter>
    </ClInclude>
    <ClInclude Include="controls\AreaBox.h">
      <Filter>controls</Filter>
    </ClInclude>
    <ClInclude Include="controls\AreaHBox.h">
      <Filter>controls</Filter>
    </ClInclude>
    <ClInclude Include="delegate\AreaBoxDelegate.h">
      <Filter>delegate</Filter>
    </ClInclude>
    <ClInclude Include="delegate\AreaControlDelegate.h">
      <Filter>delegate</Filter>
    </ClInclude>
    <ClInclude Include="delegate\AreaHBoxDelegate.h">
      <Filter>delegate</Filter>
    </ClInclude>
    <ClInclude Include="controls\AreaVBox.h">
      <Filter>controls</Filter>
    </ClInclude>
    <ClInclude Include="delegate\AreaVBoxDelegate.h">
      <Filter>delegate</Filter>
    </ClInclude>
    <ClInclude Include="delegate\AreaLabelDelegate.h">
      <Filter>delegate</Filter>
    </ClInclude>
    <ClInclude Include="controls\AreaLabel.h">
      <Filter>controls</Filter>
    </ClInclude>
    <ClInclude Include="internal\ControlHelper.h">
      <Filter>internal</Filter>
    </ClInclude>
    <ClInclude Include="item\PropertyItem.h">
      <Filter>item</Filter>
    </ClInclude>
    <ClInclude Include="internal\PropertyHelper.h">
      <Filter>internal</Filter>
    </ClInclude>
    <ClInclude Include="internal\CopyHelper.h">
      <Filter>internal</Filter>
    </ClInclude>
    <ClInclude Include="controls\AreaRichEdit.h">
      <Filter>controls</Filter>
    </ClInclude>
    <ClInclude Include="delegate\AreaRichEditDelegate.h">
      <Filter>delegate</Filter>
    </ClInclude>
    <ClInclude Include="delegate\AreaButtonDelegate.h">
      <Filter>delegate</Filter>
    </ClInclude>
    <ClInclude Include="controls\AreaButton.h">
      <Filter>controls</Filter>
    </ClInclude>
    <ClInclude Include="delegate\AreaCheckBoxDelegate.h">
      <Filter>delegate</Filter>
    </ClInclude>
    <ClInclude Include="controls\AreaCheckBox.h">
      <Filter>controls</Filter>
    </ClInclude>
    <ClInclude Include="internal\SettingsHelper.h">
      <Filter>internal</Filter>
    </ClInclude>
    <ClInclude Include="item\CreateDataItem.h">
      <Filter>item</Filter>
    </ClInclude>
    <ClInclude Include="extern_ctrl\treectrl\treectrl_interface.h">
      <Filter>extern_ctrl\treectrl</Filter>
    </ClInclude>
    <ClInclude Include="extern_ctrl\treectrl\treedoc.h">
      <Filter>extern_ctrl\treectrl</Filter>
    </ClInclude>
    <ClInclude Include="extern_ctrl\treectrl\treeitem.h">
      <Filter>extern_ctrl\treectrl</Filter>
    </ClInclude>
    <ClInclude Include="extern_ctrl\treectrl\treeitem_uistyle.h">
      <Filter>extern_ctrl\treectrl</Filter>
    </ClInclude>
    <ClInclude Include="extern_ctrl\treectrl\treeview.h">
      <Filter>extern_ctrl\treectrl</Filter>
    </ClInclude>
    <ClInclude Include="widget\EditorTreeControls.h">
      <Filter>widget</Filter>
    </ClInclude>
  </ItemGroup>
  <ItemGroup>
    <ClCompile Include="main.cpp">
      <Filter>源文件</Filter>
    </ClCompile>
    <ClCompile Include="form\EditorForm.cpp">
      <Filter>form</Filter>
    </ClCompile>
    <ClCompile Include="widget\EditorArea.cpp">
      <Filter>widget</Filter>
    </ClCompile>
    <ClCompile Include="extern_ctrl\ExternCtrlManager.cpp">
      <Filter>extern_ctrl</Filter>
    </ClCompile>
    <ClCompile Include="widget\EditorControlsList.cpp">
      <Filter>widget</Filter>
    </ClCompile>
    <ClCompile Include="widget\EditorProperty.cpp">
      <Filter>widget</Filter>
    </ClCompile>
    <ClCompile Include="internal\XmlHelper.cpp">
      <Filter>internal</Filter>
    </ClCompile>
    <ClCompile Include="form\EditorCreateForm.cpp">
      <Filter>form</Filter>
    </ClCompile>
    <ClCompile Include="widget\EditorToolbar.cpp">
      <Filter>widget</Filter>
    </ClCompile>
    <ClCompile Include="controls\AreaBox.cpp">
      <Filter>controls</Filter>
    </ClCompile>
    <ClCompile Include="controls\AreaControl.cpp">
      <Filter>controls</Filter>
    </ClCompile>
    <ClCompile Include="controls\AreaHBox.cpp">
      <Filter>controls</Filter>
    </ClCompile>
    <ClCompile Include="controls\AreaWindow.cpp">
      <Filter>controls</Filter>
    </ClCompile>
    <ClCompile Include="delegate\AreaBoxDelegate.cpp">
      <Filter>delegate</Filter>
    </ClCompile>
    <ClCompile Include="delegate\AreaControlDelegate.cpp">
      <Filter>delegate</Filter>
    </ClCompile>
    <ClCompile Include="delegate\AreaHBoxDelegate.cpp">
      <Filter>delegate</Filter>
    </ClCompile>
    <ClCompile Include="controls\AreaVBox.cpp">
      <Filter>controls</Filter>
    </ClCompile>
    <ClCompile Include="delegate\AreaVBoxDelegate.cpp">
      <Filter>delegate</Filter>
    </ClCompile>
    <ClCompile Include="delegate\AreaLabelDelegate.cpp">
      <Filter>delegate</Filter>
    </ClCompile>
    <ClCompile Include="controls\AreaLabel.cpp">
      <Filter>controls</Filter>
    </ClCompile>
    <ClCompile Include="internal\ControlHelper.cpp">
      <Filter>internal</Filter>
    </ClCompile>
    <ClCompile Include="item\PropertyItem.cpp">
      <Filter>item</Filter>
    </ClCompile>
    <ClCompile Include="internal\PropertyHelper.cpp">
      <Filter>internal</Filter>
    </ClCompile>
    <ClCompile Include="internal\CopyHelper.cpp">
      <Filter>internal</Filter>
    </ClCompile>
    <ClCompile Include="controls\AreaRichEdit.cpp">
      <Filter>controls</Filter>
    </ClCompile>
    <ClCompile Include="delegate\AreaRichEditDelegate.cpp">
      <Filter>delegate</Filter>
    </ClCompile>
    <ClCompile Include="delegate\AreaButtonDelegate.cpp">
      <Filter>delegate</Filter>
    </ClCompile>
    <ClCompile Include="controls\AreaButton.cpp">
      <Filter>controls</Filter>
    </ClCompile>
    <ClCompile Include="delegate\AreaCheckBoxDelegate.cpp">
      <Filter>delegate</Filter>
    </ClCompile>
    <ClCompile Include="controls\AreaCheckBox.cpp">
      <Filter>controls</Filter>
    </ClCompile>
    <ClCompile Include="internal\SettingsHelper.cpp">
      <Filter>internal</Filter>
    </ClCompile>
    <ClCompile Include="item\CreateDataItem.cpp">
      <Filter>item</Filter>
    </ClCompile>
    <ClCompile Include="extern_ctrl\treectrl\treedoc.cpp">
      <Filter>extern_ctrl\treectrl</Filter>
    </ClCompile>
    <ClCompile Include="extern_ctrl\treectrl\treeitem.cpp">
      <Filter>extern_ctrl\treectrl</Filter>
    </ClCompile>
    <ClCompile Include="extern_ctrl\treectrl\treeitem_uistyle.cpp">
      <Filter>extern_ctrl\treectrl</Filter>
    </ClCompile>
    <ClCompile Include="extern_ctrl\treectrl\treeview.cpp">
      <Filter>extern_ctrl\treectrl</Filter>
    </ClCompile>
    <ClCompile Include="widget\EditorTreeControls.cpp">
      <Filter>widget</Filter>
    </ClCompile>
  </ItemGroup>
  <ItemGroup>
    <ResourceCompile Include="editor.rc">
      <Filter>资源文件</Filter>
    </ResourceCompile>
  </ItemGroup>
  <ItemGroup>
    <Image Include="small.ico">
      <Filter>资源文件</Filter>
    </Image>
    <Image Include="editor.ico">
      <Filter>资源文件</Filter>
    </Image>
  </ItemGroup>
</Project>